
Microsoft Visual Studio Solution File, Format Version 12.00
# Visual Studio Version 17
VisualStudioVersion = 17.14.36327.8
MinimumVisualStudioVersion = 10.0.40219.1
Project("{2150E333-8FDC-42A3-9474-1A3956D46DE8}") = "Services", "Services", "{02EA681E-C7D8-13C7-8484-4AC65E1B71E8}"
EndProject
Project("{2150E333-8FDC-42A3-9474-1A3956D46DE8}") = "Catalog", "Catalog", "{A7B37D87-0F7E-4773-81A4-318FC5535F5A}"
EndProject
Project("{FAE04EC0-301F-11D3-BF4B-00C04F79EFBC}") = "Catalog.API", "Services\Catalog\Catalog.API\Catalog.API.csproj", "{466EDE0B-BBCF-4D0E-93CA-81C058B1C4BD}"
EndProject
Project("{FAE04EC0-301F-11D3-BF4B-00C04F79EFBC}") = "BuildingBlocks", "BuidingBlocks\BuildingBlocks\BuildingBlocks.csproj", "{BB527286-92B7-46A1-8D38-4849F8C8DFD6}"
EndProject
Project("{2150E333-8FDC-42A3-9474-1A3956D46DE8}") = "BuidingBlocks", "BuidingBlocks", "{0ABF8E84-DA28-45BE-8C37-11B1502C2CC2}"
EndProject
Project("{E53339B2-1760-4266-BCC7-CA923CBCF16C}") = "docker-compose", "docker-compose.dcproj", "{81DDED9D-158B-E303-5F62-77A2896D2A5A}"
EndProject
Project("{2150E333-8FDC-42A3-9474-1A3956D46DE8}") = "Basket", "Basket", "{41CF773C-ADE1-4F44-9109-D6D1AD73CC6E}"
EndProject
Project("{FAE04EC0-301F-11D3-BF4B-00C04F79EFBC}") = "Basket.API", "Services\Basket\Basket.API\Basket.API.csproj", "{16293CAB-4BA9-4D79-80FD-06E168B785CA}"
EndProject
Project("{2150E333-8FDC-42A3-9474-1A3956D46DE8}") = "Discount", "Discount", "{93962B0D-BA26-4C73-9D67-D826BF88FBA2}"
EndProject
Project("{FAE04EC0-301F-11D3-BF4B-00C04F79EFBC}") = "Discount.gRPC", "Services\Discount\Discount.gRPC\Discount.gRPC.csproj", "{E709D324-60B3-477C-92EC-A042807F8073}"
EndProject
Global
	GlobalSection(SolutionConfigurationPlatforms) = preSolution
		Debug|Any CPU = Debug|Any CPU
		Release|Any CPU = Release|Any CPU
	EndGlobalSection
	GlobalSection(ProjectConfigurationPlatforms) = postSolution
		{466EDE0B-BBCF-4D0E-93CA-81C058B1C4BD}.Debug|Any CPU.ActiveCfg = Debug|Any CPU
		{466EDE0B-BBCF-4D0E-93CA-81C058B1C4BD}.Debug|Any CPU.Build.0 = Debug|Any CPU
		{466EDE0B-BBCF-4D0E-93CA-81C058B1C4BD}.Release|Any CPU.ActiveCfg = Release|Any CPU
		{466EDE0B-BBCF-4D0E-93CA-81C058B1C4BD}.Release|Any CPU.Build.0 = Release|Any CPU
		{BB527286-92B7-46A1-8D38-4849F8C8DFD6}.Debug|Any CPU.ActiveCfg = Debug|Any CPU
		{BB527286-92B7-46A1-8D38-4849F8C8DFD6}.Debug|Any CPU.Build.0 = Debug|Any CPU
		{BB527286-92B7-46A1-8D38-4849F8C8DFD6}.Release|Any CPU.ActiveCfg = Release|Any CPU
		{BB527286-92B7-46A1-8D38-4849F8C8DFD6}.Release|Any CPU.Build.0 = Release|Any CPU
		{81DDED9D-158B-E303-5F62-77A2896D2A5A}.Debug|Any CPU.ActiveCfg = Debug|Any CPU
		{81DDED9D-158B-E303-5F62-77A2896D2A5A}.Debug|Any CPU.Build.0 = Debug|Any CPU
		{81DDED9D-158B-E303-5F62-77A2896D2A5A}.Release|Any CPU.ActiveCfg = Release|Any CPU
		{81DDED9D-158B-E303-5F62-77A2896D2A5A}.Release|Any CPU.Build.0 = Release|Any CPU
		{16293CAB-4BA9-4D79-80FD-06E168B785CA}.Debug|Any CPU.ActiveCfg = Debug|Any CPU
		{16293CAB-4BA9-4D79-80FD-06E168B785CA}.Debug|Any CPU.Build.0 = Debug|Any CPU
		{16293CAB-4BA9-4D79-80FD-06E168B785CA}.Release|Any CPU.ActiveCfg = Release|Any CPU
		{16293CAB-4BA9-4D79-80FD-06E168B785CA}.Release|Any CPU.Build.0 = Release|Any CPU
		{E709D324-60B3-477C-92EC-A042807F8073}.Debug|Any CPU.ActiveCfg = Debug|Any CPU
		{E709D324-60B3-477C-92EC-A042807F8073}.Debug|Any CPU.Build.0 = Debug|Any CPU
		{E709D324-60B3-477C-92EC-A042807F8073}.Release|Any CPU.ActiveCfg = Release|Any CPU
		{E709D324-60B3-477C-92EC-A042807F8073}.Release|Any CPU.Build.0 = Release|Any CPU
	EndGlobalSection
	GlobalSection(SolutionProperties) = preSolution
		HideSolutionNode = FALSE
	EndGlobalSection
	GlobalSection(NestedProjects) = preSolution
		{A7B37D87-0F7E-4773-81A4-318FC5535F5A} = {02EA681E-C7D8-13C7-8484-4AC65E1B71E8}
		{466EDE0B-BBCF-4D0E-93CA-81C058B1C4BD} = {A7B37D87-0F7E-4773-81A4-318FC5535F5A}
		{BB527286-92B7-46A1-8D38-4849F8C8DFD6} = {0ABF8E84-DA28-45BE-8C37-11B1502C2CC2}
		{41CF773C-ADE1-4F44-9109-D6D1AD73CC6E} = {02EA681E-C7D8-13C7-8484-4AC65E1B71E8}
		{16293CAB-4BA9-4D79-80FD-06E168B785CA} = {41CF773C-ADE1-4F44-9109-D6D1AD73CC6E}
		{93962B0D-BA26-4C73-9D67-D826BF88FBA2} = {02EA681E-C7D8-13C7-8484-4AC65E1B71E8}
		{E709D324-60B3-477C-92EC-A042807F8073} = {93962B0D-BA26-4C73-9D67-D826BF88FBA2}
	EndGlobalSection
	GlobalSection(ExtensibilityGlobals) = postSolution
		SolutionGuid = {68938FC7-000F-4DC0-9356-A8A647B66328}
	EndGlobalSection
EndGlobal
